{
  "name": "phantomjscloud",
  "version": "3.1.3",
  "lockfileVersion": 1,
  "requires": true,
  "dependencies": {
    "xlib": {
      "version": "10.1.0",
      "requires": {
        "@types/bluebird": "3.5.24",
        "@types/bluebird-retry": "0.11.2",
        "@types/lodash": "4.14.116",
        "@types/mocha": "5.2.5",
        "@types/moment": "2.13.0",
        "@types/node": "10.9.4",
        "aguid": "1.0.4",
        "axios": "0.15.3",
        "base64url": "1.0.6",
        "bluebird": "3.5.2",
        "bluebird-retry": "0.11.0",
        "chalk": "1.1.3",
        "commondir": "1.0.1",
        "d3-dsv": "0.1.14",
        "json5": "2.0.1",
        "jsonwebtoken": "5.7.0",
        "lodash": "4.17.10",
        "moment": "2.22.2",
        "moment-timezone": "0.4.1",
        "sanitize-html": "1.18.2",
        "source-map-support": "0.3.3",
        "sprintf-js": "1.1.1",
        "validator": "4.9.0"
      },
      "dependencies": {
        "@types/bluebird": {
          "version": "3.5.24",
          "bundled": true
        },
        "@types/bluebird-retry": {
          "version": "0.11.2",
          "bundled": true,
          "requires": {
            "@types/bluebird": "3.5.24"
          }
        },
        "@types/lodash": {
          "version": "4.14.116",
          "bundled": true
        },
        "@types/mocha": {
          "version": "5.2.5",
          "bundled": true
        },
        "@types/moment": {
          "version": "2.13.0",
          "bundled": true,
          "requires": {
            "moment": "2.22.2"
          }
        },
        "@types/node": {
          "version": "10.9.4",
          "bundled": true
        },
        "aguid": {
          "version": "1.0.4",
          "bundled": true,
          "requires": {
            "node-uuid": "1.4.8"
          }
        },
        "amdefine": {
          "version": "1.0.1",
          "bundled": true
        },
        "ansi-regex": {
          "version": "2.1.1",
          "bundled": true
        },
        "ansi-styles": {
          "version": "2.2.1",
          "bundled": true
        },
        "array-uniq": {
          "version": "1.0.3",
          "bundled": true
        },
        "axios": {
          "version": "0.15.3",
          "bundled": true,
          "requires": {
            "follow-redirects": "1.0.0"
          }
        },
        "balanced-match": {
          "version": "1.0.0",
          "bundled": true
        },
        "base64url": {
          "version": "1.0.6",
          "bundled": true,
          "requires": {
            "concat-stream": "1.4.11",
            "meow": "2.0.0"
          }
        },
        "bluebird": {
          "version": "3.5.2",
          "bundled": true
        },
        "bluebird-retry": {
          "version": "0.11.0",
          "bundled": true
        },
        "brace-expansion": {
          "version": "1.1.11",
          "bundled": true,
          "requires": {
            "balanced-match": "1.0.0",
            "concat-map": "0.0.1"
          }
        },
        "browser-stdout": {
          "version": "1.3.1",
          "bundled": true
        },
        "buffer-equal-constant-time": {
          "version": "1.0.1",
          "bundled": true
        },
        "camelcase": {
          "version": "1.2.1",
          "bundled": true
        },
        "camelcase-keys": {
          "version": "1.0.0",
          "bundled": true,
          "requires": {
            "camelcase": "1.2.1",
            "map-obj": "1.0.1"
          }
        },
        "chalk": {
          "version": "1.1.3",
          "bundled": true,
          "requires": {
            "ansi-styles": "2.2.1",
            "escape-string-regexp": "1.0.5",
            "has-ansi": "2.0.0",
            "strip-ansi": "3.0.1",
            "supports-color": "2.0.0"
          }
        },
        "color-convert": {
          "version": "1.9.2",
          "bundled": true,
          "requires": {
            "color-name": "1.1.1"
          }
        },
        "color-name": {
          "version": "1.1.1",
          "bundled": true
        },
        "commander": {
          "version": "2.15.1",
          "bundled": true
        },
        "commondir": {
          "version": "1.0.1",
          "bundled": true
        },
        "concat-map": {
          "version": "0.0.1",
          "bundled": true
        },
        "concat-stream": {
          "version": "1.4.11",
          "bundled": true,
          "requires": {
            "inherits": "2.0.3",
            "readable-stream": "1.1.14",
            "typedarray": "0.0.6"
          }
        },
        "core-util-is": {
          "version": "1.0.2",
          "bundled": true
        },
        "d3-dsv": {
          "version": "0.1.14",
          "bundled": true
        },
        "debug": {
          "version": "2.6.9",
          "bundled": true,
          "requires": {
            "ms": "2.0.0"
          }
        },
        "depd": {
          "version": "1.1.0",
          "bundled": true
        },
        "diff": {
          "version": "3.5.0",
          "bundled": true
        },
        "dom-serializer": {
          "version": "0.1.0",
          "bundled": true,
          "requires": {
            "domelementtype": "1.1.3",
            "entities": "1.1.1"
          },
          "dependencies": {
            "domelementtype": {
              "version": "1.1.3",
              "bundled": true
            }
          }
        },
        "domelementtype": {
          "version": "1.3.0",
          "bundled": true
        },
        "domhandler": {
          "version": "2.4.2",
          "bundled": true,
          "requires": {
            "domelementtype": "1.3.0"
          }
        },
        "domutils": {
          "version": "1.7.0",
          "bundled": true,
          "requires": {
            "dom-serializer": "0.1.0",
            "domelementtype": "1.3.0"
          }
        },
        "ecdsa-sig-formatter": {
          "version": "1.0.10",
          "bundled": true,
          "requires": {
            "safe-buffer": "5.1.2"
          }
        },
        "entities": {
          "version": "1.1.1",
          "bundled": true
        },
        "escape-string-regexp": {
          "version": "1.0.5",
          "bundled": true
        },
        "follow-redirects": {
          "version": "1.0.0",
          "bundled": true,
          "requires": {
            "debug": "2.6.9"
          }
        },
        "fs.realpath": {
          "version": "1.0.0",
          "bundled": true
        },
        "get-stdin": {
          "version": "4.0.1",
          "bundled": true
        },
        "glob": {
          "version": "7.1.2",
          "bundled": true,
          "requires": {
            "fs.realpath": "1.0.0",
            "inflight": "1.0.6",
            "inherits": "2.0.3",
            "minimatch": "3.0.4",
            "once": "1.4.0",
            "path-is-absolute": "1.0.1"
          }
        },
        "growl": {
          "version": "1.10.5",
          "bundled": true
        },
        "has-ansi": {
          "version": "2.0.0",
          "bundled": true,
          "requires": {
            "ansi-regex": "2.1.1"
          }
        },
        "has-flag": {
          "version": "3.0.0",
          "bundled": true
        },
        "he": {
          "version": "1.1.1",
          "bundled": true
        },
        "htmlparser2": {
          "version": "3.9.2",
          "bundled": true,
          "requires": {
            "domelementtype": "1.3.0",
            "domhandler": "2.4.2",
            "domutils": "1.7.0",
            "entities": "1.1.1",
            "inherits": "2.0.3",
            "readable-stream": "2.3.6"
          },
          "dependencies": {
            "isarray": {
              "version": "1.0.0",
              "bundled": true
            },
            "readable-stream": {
              "version": "2.3.6",
              "bundled": true,
              "requires": {
                "core-util-is": "1.0.2",
                "inherits": "2.0.3",
                "isarray": "1.0.0",
                "process-nextick-args": "2.0.0",
                "safe-buffer": "5.1.2",
                "string_decoder": "1.1.1",
                "util-deprecate": "1.0.2"
              }
            },
            "string_decoder": {
              "version": "1.1.1",
              "bundled": true,
              "requires": {
                "safe-buffer": "5.1.2"
              }
            }
          }
        },
        "indent-string": {
          "version": "1.2.2",
          "bundled": true,
          "requires": {
            "get-stdin": "4.0.1",
            "minimist": "1.2.0",
            "repeating": "1.1.3"
          }
        },
        "inflight": {
          "version": "1.0.6",
          "bundled": true,
          "requires": {
            "once": "1.4.0",
            "wrappy": "1.0.2"
          }
        },
        "inherits": {
          "version": "2.0.3",
          "bundled": true
        },
        "is-finite": {
          "version": "1.0.2",
          "bundled": true,
          "requires": {
            "number-is-nan": "1.0.1"
          }
        },
        "isarray": {
          "version": "0.0.1",
          "bundled": true
        },
        "json5": {
          "version": "2.0.1",
          "bundled": true,
          "requires": {
            "minimist": "1.2.0"
          }
        },
        "jsonwebtoken": {
          "version": "5.7.0",
          "bundled": true,
          "requires": {
            "jws": "3.1.5",
            "ms": "0.7.3",
            "xtend": "4.0.1"
          },
          "dependencies": {
            "ms": {
              "version": "0.7.3",
              "bundled": true
            }
          }
        },
        "jwa": {
          "version": "1.1.6",
          "bundled": true,
          "requires": {
            "buffer-equal-constant-time": "1.0.1",
            "ecdsa-sig-formatter": "1.0.10",
            "safe-buffer": "5.1.2"
          }
        },
        "jws": {
          "version": "3.1.5",
          "bundled": true,
          "requires": {
            "jwa": "1.1.6",
            "safe-buffer": "5.1.2"
          }
        },
        "lodash": {
          "version": "4.17.10",
          "bundled": true
        },
        "lodash.clonedeep": {
          "version": "4.5.0",
          "bundled": true
        },
        "lodash.escaperegexp": {
          "version": "4.1.2",
          "bundled": true
        },
        "lodash.isplainobject": {
          "version": "4.0.6",
          "bundled": true
        },
        "lodash.isstring": {
          "version": "4.0.1",
          "bundled": true
        },
        "lodash.mergewith": {
          "version": "4.6.1",
          "bundled": true
        },
        "map-obj": {
          "version": "1.0.1",
          "bundled": true
        },
        "meow": {
          "version": "2.0.0",
          "bundled": true,
          "requires": {
            "camelcase-keys": "1.0.0",
            "indent-string": "1.2.2",
            "minimist": "1.2.0",
            "object-assign": "1.0.0"
          }
        },
        "minimatch": {
          "version": "3.0.4",
          "bundled": true,
          "requires": {
            "brace-expansion": "1.1.11"
          }
        },
        "minimist": {
          "version": "1.2.0",
          "bundled": true
        },
        "mkdirp": {
          "version": "0.5.1",
          "bundled": true,
          "requires": {
            "minimist": "0.0.8"
          },
          "dependencies": {
            "minimist": {
              "version": "0.0.8",
              "bundled": true
            }
          }
        },
        "mocha": {
          "version": "5.2.0",
          "bundled": true,
          "requires": {
            "browser-stdout": "1.3.1",
            "commander": "2.15.1",
            "debug": "3.1.0",
            "diff": "3.5.0",
            "escape-string-regexp": "1.0.5",
            "glob": "7.1.2",
            "growl": "1.10.5",
            "he": "1.1.1",
            "minimatch": "3.0.4",
            "mkdirp": "0.5.1",
            "supports-color": "5.4.0"
          },
          "dependencies": {
            "debug": {
              "version": "3.1.0",
              "bundled": true,
              "requires": {
                "ms": "2.0.0"
              }
            },
            "supports-color": {
              "version": "5.4.0",
              "bundled": true,
              "requires": {
                "has-flag": "3.0.0"
              }
            }
          }
        },
        "moment": {
          "version": "2.22.2",
          "bundled": true
        },
        "moment-timezone": {
          "version": "0.4.1",
          "bundled": true,
          "requires": {
            "moment": "2.22.2"
          }
        },
        "ms": {
          "version": "2.0.0",
          "bundled": true
        },
        "node-uuid": {
          "version": "1.4.8",
          "bundled": true
        },
        "number-is-nan": {
          "version": "1.0.1",
          "bundled": true
        },
        "object-assign": {
          "version": "1.0.0",
          "bundled": true
        },
        "once": {
          "version": "1.4.0",
          "bundled": true,
          "requires": {
            "wrappy": "1.0.2"
          }
        },
        "path-is-absolute": {
          "version": "1.0.1",
          "bundled": true
        },
        "postcss": {
          "version": "6.0.23",
          "bundled": true,
          "requires": {
            "chalk": "2.4.1",
            "source-map": "0.6.1",
            "supports-color": "5.4.0"
          },
          "dependencies": {
            "ansi-styles": {
              "version": "3.2.1",
              "bundled": true,
              "requires": {
                "color-convert": "1.9.2"
              }
            },
            "chalk": {
              "version": "2.4.1",
              "bundled": true,
              "requires": {
                "ansi-styles": "3.2.1",
                "escape-string-regexp": "1.0.5",
                "supports-color": "5.4.0"
              }
            },
            "supports-color": {
              "version": "5.4.0",
              "bundled": true,
              "requires": {
                "has-flag": "3.0.0"
              }
            }
          }
        },
        "process-nextick-args": {
          "version": "2.0.0",
          "bundled": true
        },
        "readable-stream": {
          "version": "1.1.14",
          "bundled": true,
          "requires": {
            "core-util-is": "1.0.2",
            "inherits": "2.0.3",
            "isarray": "0.0.1",
            "string_decoder": "0.10.31"
          }
        },
        "repeating": {
          "version": "1.1.3",
          "bundled": true,
          "requires": {
            "is-finite": "1.0.2"
          }
        },
        "safe-buffer": {
          "version": "5.1.2",
          "bundled": true
        },
        "sanitize-html": {
          "version": "1.18.2",
          "bundled": true,
          "requires": {
            "chalk": "2.4.1",
            "htmlparser2": "3.9.2",
            "lodash.clonedeep": "4.5.0",
            "lodash.escaperegexp": "4.1.2",
            "lodash.isplainobject": "4.0.6",
            "lodash.isstring": "4.0.1",
            "lodash.mergewith": "4.6.1",
            "postcss": "6.0.23",
            "srcset": "1.0.0",
            "xtend": "4.0.1"
          },
          "dependencies": {
            "ansi-styles": {
              "version": "3.2.1",
              "bundled": true,
              "requires": {
                "color-convert": "1.9.2"
              }
            },
            "chalk": {
              "version": "2.4.1",
              "bundled": true,
              "requires": {
                "ansi-styles": "3.2.1",
                "escape-string-regexp": "1.0.5",
                "supports-color": "5.4.0"
              }
            },
            "supports-color": {
              "version": "5.4.0",
              "bundled": true,
              "requires": {
                "has-flag": "3.0.0"
              }
            }
          }
        },
        "source-map": {
          "version": "0.6.1",
          "bundled": true
        },
        "source-map-support": {
          "version": "0.3.3",
          "bundled": true,
          "requires": {
            "source-map": "0.1.32"
          },
          "dependencies": {
            "source-map": {
              "version": "0.1.32",
              "bundled": true,
              "requires": {
                "amdefine": "1.0.1"
              }
            }
          }
        },
        "sprintf-js": {
          "version": "1.1.1",
          "bundled": true
        },
        "srcset": {
          "version": "1.0.0",
          "bundled": true,
          "requires": {
            "array-uniq": "1.0.3",
            "number-is-nan": "1.0.1"
          }
        },
        "string_decoder": {
          "version": "0.10.31",
          "bundled": true
        },
        "strip-ansi": {
          "version": "3.0.1",
          "bundled": true,
          "requires": {
            "ansi-regex": "2.1.1"
          }
        },
        "supports-color": {
          "version": "2.0.0",
          "bundled": true
        },
        "typedarray": {
          "version": "0.0.6",
          "bundled": true
        },
        "util-deprecate": {
          "version": "1.0.2",
          "bundled": true
        },
        "validator": {
          "version": "4.9.0",
          "bundled": true,
          "requires": {
            "depd": "1.1.0"
          }
        },
        "wrappy": {
          "version": "1.0.2",
          "bundled": true
        },
        "xtend": {
          "version": "4.0.1",
          "bundled": true
        }
      }
    }
  }
}
